
Microsoft Visual Studio Solution File, Format Version 12.00
# Visual Studio Version 17
VisualStudioVersion = 17.8.34525.116
MinimumVisualStudioVersion = 10.0.40219.1
Project("{FAE04EC0-301F-11D3-BF4B-00C04F79EFBC}") = "WebApp", "WebApp\WebApp.csproj", "{C0CA0CD2-B590-4133-90F8-FD6807B82F7F}"
EndProject
Global
	GlobalSection(SolutionConfigurationPlatforms) = preSolution
		Debug|Any CPU = Debug|Any CPU
		Release|Any CPU = Release|Any CPU
	EndGlobalSection
	GlobalSection(ProjectConfigurationPlatforms) = postSolution
		{C0CA0CD2-B590-4133-90F8-FD6807B82F7F}.Debug|Any CPU.ActiveCfg = Debug|Any CPU
		{C0CA0CD2-B590-4133-90F8-FD6807B82F7F}.Debug|Any CPU.Build.0 = Debug|Any CPU
		{C0CA0CD2-B590-4133-90F8-FD6807B82F7F}.Release|Any CPU.ActiveCfg = Release|Any CPU
		{C0CA0CD2-B590-4133-90F8-FD6807B82F7F}.Release|Any CPU.Build.0 = Release|Any CPU
	EndGlobalSection
	GlobalSection(SolutionProperties) = preSolution
		HideSolutionNode = FALSE
	EndGlobalSection
	GlobalSection(ExtensibilityGlobals) = postSolution
		SolutionGuid = {2EFE7FB1-EB7E-44E9-95D9-5EB338147BB6}
	EndGlobalSection
EndGlobal
